
Microsoft Visual Studio Solution File, Format Version 12.00
# Visual Studio Version 17
VisualStudioVersion = 17.13.35913.81 d17.13
MinimumVisualStudioVersion = 10.0.40219.1
Project("{FAE04EC0-301F-11D3-BF4B-00C04F79EFBC}") = "DesktopContactsApp", "DesktopContactsApp.csproj", "{FF671884-09DD-4512-8301-9DF6FEBDB034}"
EndProject
Global
	GlobalSection(SolutionConfigurationPlatforms) = preSolution
		Debug|Any CPU = Debug|Any CPU
		Release|Any CPU = Release|Any CPU
	EndGlobalSection
	GlobalSection(ProjectConfigurationPlatforms) = postSolution
		{FF671884-09DD-4512-8301-9DF6FEBDB034}.Debug|Any CPU.ActiveCfg = Debug|Any CPU
		{FF671884-09DD-4512-8301-9DF6FEBDB034}.Debug|Any CPU.Build.0 = Debug|Any CPU
		{FF671884-09DD-4512-8301-9DF6FEBDB034}.Release|Any CPU.ActiveCfg = Release|Any CPU
		{FF671884-09DD-4512-8301-9DF6FEBDB034}.Release|Any CPU.Build.0 = Release|Any CPU
	EndGlobalSection
	GlobalSection(SolutionProperties) = preSolution
		HideSolutionNode = FALSE
	EndGlobalSection
	GlobalSection(ExtensibilityGlobals) = postSolution
		SolutionGuid = {F8D5528C-F7C9-4081-966B-6324E29F58E1}
	EndGlobalSection
EndGlobal
